
Microsoft Visual Studio Solution File, Format Version 12.00
# Visual Studio Version 16
VisualStudioVersion = 16.0.29519.87
MinimumVisualStudioVersion = 10.0.40219.1
Project("{FAE04EC0-301F-11D3-BF4B-00C04F79EFBC}") = "test-SingalR", "test-singleR\test-SingalR.csproj", "{934A1513-1B17-4F00-955D-68EEAF4D601C}"
EndProject
Global
	GlobalSection(SolutionConfigurationPlatforms) = preSolution
		Debug|Any CPU = Debug|Any CPU
		Release|Any CPU = Release|Any CPU
	EndGlobalSection
	GlobalSection(ProjectConfigurationPlatforms) = postSolution
		{934A1513-1B17-4F00-955D-68EEAF4D601C}.Debug|Any CPU.ActiveCfg = Debug|Any CPU
		{934A1513-1B17-4F00-955D-68EEAF4D601C}.Debug|Any CPU.Build.0 = Debug|Any CPU
		{934A1513-1B17-4F00-955D-68EEAF4D601C}.Release|Any CPU.ActiveCfg = Release|Any CPU
		{934A1513-1B17-4F00-955D-68EEAF4D601C}.Release|Any CPU.Build.0 = Release|Any CPU
	EndGlobalSection
	GlobalSection(SolutionProperties) = preSolution
		HideSolutionNode = FALSE
	EndGlobalSection
	GlobalSection(ExtensibilityGlobals) = postSolution
		SolutionGuid = {8AEDF8B9-B1FA-42D7-A695-7D16C26AA3AF}
	EndGlobalSection
EndGlobal
